
Microsoft Visual Studio Solution File, Format Version 12.00
# Visual Studio Version 17
VisualStudioVersion = 17.4.33213.308
MinimumVisualStudioVersion = 10.0.40219.1
Project("{8BC9CEB8-8B4A-11D0-8D11-00A0C91BC942}") = "task1", "task1\task1.vcxproj", "{3BA03871-60C7-4BD6-80BB-8C6F209FED2C}"
EndProject
Project("{8BC9CEB8-8B4A-11D0-8D11-00A0C91BC942}") = "task2", "task2\task2.vcxproj", "{4375D043-96A6-4C08-BB16-72C8B1CDFF4E}"
EndProject
Global
	GlobalSection(SolutionConfigurationPlatforms) = preSolution
		Debug|x64 = Debug|x64
		Debug|x86 = Debug|x86
		Release|x64 = Release|x64
		Release|x86 = Release|x86
	EndGlobalSection
	GlobalSection(ProjectConfigurationPlatforms) = postSolution
		{3BA03871-60C7-4BD6-80BB-8C6F209FED2C}.Debug|x64.ActiveCfg = Debug|x64
		{3BA03871-60C7-4BD6-80BB-8C6F209FED2C}.Debug|x64.Build.0 = Debug|x64
		{3BA03871-60C7-4BD6-80BB-8C6F209FED2C}.Debug|x86.ActiveCfg = Debug|Win32
		{3BA03871-60C7-4BD6-80BB-8C6F209FED2C}.Debug|x86.Build.0 = Debug|Win32
		{3BA03871-60C7-4BD6-80BB-8C6F209FED2C}.Release|x64.ActiveCfg = Release|x64
		{3BA03871-60C7-4BD6-80BB-8C6F209FED2C}.Release|x64.Build.0 = Release|x64
		{3BA03871-60C7-4BD6-80BB-8C6F209FED2C}.Release|x86.ActiveCfg = Release|Win32
		{3BA03871-60C7-4BD6-80BB-8C6F209FED2C}.Release|x86.Build.0 = Release|Win32
		{4375D043-96A6-4C08-BB16-72C8B1CDFF4E}.Debug|x64.ActiveCfg = Debug|x64
		{4375D043-96A6-4C08-BB16-72C8B1CDFF4E}.Debug|x64.Build.0 = Debug|x64
		{4375D043-96A6-4C08-BB16-72C8B1CDFF4E}.Debug|x86.ActiveCfg = Debug|Win32
		{4375D043-96A6-4C08-BB16-72C8B1CDFF4E}.Debug|x86.Build.0 = Debug|Win32
		{4375D043-96A6-4C08-BB16-72C8B1CDFF4E}.Release|x64.ActiveCfg = Release|x64
		{4375D043-96A6-4C08-BB16-72C8B1CDFF4E}.Release|x64.Build.0 = Release|x64
		{4375D043-96A6-4C08-BB16-72C8B1CDFF4E}.Release|x86.ActiveCfg = Release|Win32
		{4375D043-96A6-4C08-BB16-72C8B1CDFF4E}.Release|x86.Build.0 = Release|Win32
	EndGlobalSection
	GlobalSection(SolutionProperties) = preSolution
		HideSolutionNode = FALSE
	EndGlobalSection
	GlobalSection(ExtensibilityGlobals) = postSolution
		SolutionGuid = {69D3F27F-3A2F-45BB-A1CF-962568DCD611}
	EndGlobalSection
EndGlobal
